// !$*UTF8*$!
{
	archiveVersion = 1;
	classes = {
	};
	objectVersion = 56;
	objects = {

/* Begin PBXBuildFile section */
		401A9CE12B599AC50034D61F /* CountDownListItemView.swift in Sources */ = {isa = PBXBuildFile; fileRef = 401A9CE02B599AC50034D61F /* CountDownListItemView.swift */; };
		401A9CE32B59A68C0034D61F /* README.md in Resources */ = {isa = PBXBuildFile; fileRef = 401A9CE22B59A68C0034D61F /* README.md */; };
		401A9CE52B5AFB3E0034D61F /* NotifyMenu.swift in Sources */ = {isa = PBXBuildFile; fileRef = 401A9CE42B5AFB3E0034D61F /* NotifyMenu.swift */; };
		401A9CE72B5B0BE60034D61F /* CountDownAlert.swift in Sources */ = {isa = PBXBuildFile; fileRef = 401A9CE62B5B0BE60034D61F /* CountDownAlert.swift */; };
		401A9CE92B5B21B50034D61F /* LocalNotificationService.swift in Sources */ = {isa = PBXBuildFile; fileRef = 401A9CE82B5B21B50034D61F /* LocalNotificationService.swift */; };
		40EC67772B37567500B5ED7C /* CountDownApp.swift in Sources */ = {isa = PBXBuildFile; fileRef = 40EC67762B37567500B5ED7C /* CountDownApp.swift */; };
		40EC67792B37567500B5ED7C /* CountDownView.swift in Sources */ = {isa = PBXBuildFile; fileRef = 40EC67782B37567500B5ED7C /* CountDownView.swift */; };
		40EC677B2B37567700B5ED7C /* Assets.xcassets in Resources */ = {isa = PBXBuildFile; fileRef = 40EC677A2B37567700B5ED7C /* Assets.xcassets */; };
		40EC677E2B37567700B5ED7C /* Preview Assets.xcassets in Resources */ = {isa = PBXBuildFile; fileRef = 40EC677D2B37567700B5ED7C /* Preview Assets.xcassets */; };
		40EC67872B375C9A00B5ED7C /* Constants.swift in Sources */ = {isa = PBXBuildFile; fileRef = 40EC67862B375C9A00B5ED7C /* Constants.swift */; };
		40EC678B2B375DA500B5ED7C /* EmptyCountDownView.swift in Sources */ = {isa = PBXBuildFile; fileRef = 40EC678A2B375DA500B5ED7C /* EmptyCountDownView.swift */; };
		40EC678D2B37608900B5ED7C /* AddCountDownView.swift in Sources */ = {isa = PBXBuildFile; fileRef = 40EC678C2B37608900B5ED7C /* AddCountDownView.swift */; };
		40EC67902B38700000B5ED7C /* AddCountDownViewModel.swift in Sources */ = {isa = PBXBuildFile; fileRef = 40EC678F2B38700000B5ED7C /* AddCountDownViewModel.swift */; };
		40EC67922B38A4CA00B5ED7C /* StateBindingViewModel.swift in Sources */ = {isa = PBXBuildFile; fileRef = 40EC67912B38A4CA00B5ED7C /* StateBindingViewModel.swift */; };
		40EC67942B38CD1000B5ED7C /* CountDown.swift in Sources */ = {isa = PBXBuildFile; fileRef = 40EC67932B38CD1000B5ED7C /* CountDown.swift */; };
		40EC67972B3DE14300B5ED7C /* Realm in Frameworks */ = {isa = PBXBuildFile; productRef = 40EC67962B3DE14300B5ED7C /* Realm */; };
		40EC67992B3DE14300B5ED7C /* RealmSwift in Frameworks */ = {isa = PBXBuildFile; productRef = 40EC67982B3DE14300B5ED7C /* RealmSwift */; };
		40EC679C2B3E0C4400B5ED7C /* CountDownViewModel.swift in Sources */ = {isa = PBXBuildFile; fileRef = 40EC679B2B3E0C4400B5ED7C /* CountDownViewModel.swift */; };
		40EC679F2B3EFA9A00B5ED7C /* CountDownDetailsView.swift in Sources */ = {isa = PBXBuildFile; fileRef = 40EC679E2B3EFA9A00B5ED7C /* CountDownDetailsView.swift */; };
		40EC67A12B3EFAAB00B5ED7C /* CountDownDetailsViewModel.swift in Sources */ = {isa = PBXBuildFile; fileRef = 40EC67A02B3EFAAB00B5ED7C /* CountDownDetailsViewModel.swift */; };
		40EC67A32B3F2B8C00B5ED7C /* CountDownTickerView.swift in Sources */ = {isa = PBXBuildFile; fileRef = 40EC67A22B3F2B8B00B5ED7C /* CountDownTickerView.swift */; };
		40EC67A52B40974600B5ED7C /* Extensions.swift in Sources */ = {isa = PBXBuildFile; fileRef = 40EC67A42B40974500B5ED7C /* Extensions.swift */; };
/* End PBXBuildFile section */

/* Begin PBXFileReference section */
		401A9CE02B599AC50034D61F /* CountDownListItemView.swift */ = {isa = PBXFileReference; lastKnownFileType = sourcecode.swift; path = CountDownListItemView.swift; sourceTree = "<group>"; };
		401A9CE22B59A68C0034D61F /* README.md */ = {isa = PBXFileReference; fileEncoding = 4; lastKnownFileType = net.daringfireball.markdown; path = README.md; sourceTree = "<group>"; };
		401A9CE42B5AFB3E0034D61F /* NotifyMenu.swift */ = {isa = PBXFileReference; lastKnownFileType = sourcecode.swift; path = NotifyMenu.swift; sourceTree = "<group>"; };
		401A9CE62B5B0BE60034D61F /* CountDownAlert.swift */ = {isa = PBXFileReference; lastKnownFileType = sourcecode.swift; path = CountDownAlert.swift; sourceTree = "<group>"; };
		401A9CE82B5B21B50034D61F /* LocalNotificationService.swift */ = {isa = PBXFileReference; lastKnownFileType = sourcecode.swift; path = LocalNotificationService.swift; sourceTree = "<group>"; };
		40EC67732B37567500B5ED7C /* Count Down.app */ = {isa = PBXFileReference; explicitFileType = wrapper.application; includeInIndex = 0; path = "Count Down.app"; sourceTree = BUILT_PRODUCTS_DIR; };
		40EC67762B37567500B5ED7C /* CountDownApp.swift */ = {isa = PBXFileReference; lastKnownFileType = sourcecode.swift; path = CountDownApp.swift; sourceTree = "<group>"; };
		40EC67782B37567500B5ED7C /* CountDownView.swift */ = {isa = PBXFileReference; lastKnownFileType = sourcecode.swift; path = CountDownView.swift; sourceTree = "<group>"; };
		40EC677A2B37567700B5ED7C /* Assets.xcassets */ = {isa = PBXFileReference; lastKnownFileType = folder.assetcatalog; path = Assets.xcassets; sourceTree = "<group>"; };
		40EC677D2B37567700B5ED7C /* Preview Assets.xcassets */ = {isa = PBXFileReference; lastKnownFileType = folder.assetcatalog; path = "Preview Assets.xcassets"; sourceTree = "<group>"; };
		40EC67862B375C9A00B5ED7C /* Constants.swift */ = {isa = PBXFileReference; lastKnownFileType = sourcecode.swift; path = Constants.swift; sourceTree = "<group>"; };
		40EC678A2B375DA500B5ED7C /* EmptyCountDownView.swift */ = {isa = PBXFileReference; lastKnownFileType = sourcecode.swift; path = EmptyCountDownView.swift; sourceTree = "<group>"; };
		40EC678C2B37608900B5ED7C /* AddCountDownView.swift */ = {isa = PBXFileReference; lastKnownFileType = sourcecode.swift; path = AddCountDownView.swift; sourceTree = "<group>"; };
		40EC678F2B38700000B5ED7C /* AddCountDownViewModel.swift */ = {isa = PBXFileReference; lastKnownFileType = sourcecode.swift; path = AddCountDownViewModel.swift; sourceTree = "<group>"; };
		40EC67912B38A4CA00B5ED7C /* StateBindingViewModel.swift */ = {isa = PBXFileReference; lastKnownFileType = sourcecode.swift; path = StateBindingViewModel.swift; sourceTree = "<group>"; };
		40EC67932B38CD1000B5ED7C /* CountDown.swift */ = {isa = PBXFileReference; lastKnownFileType = sourcecode.swift; path = CountDown.swift; sourceTree = "<group>"; };
		40EC679B2B3E0C4400B5ED7C /* CountDownViewModel.swift */ = {isa = PBXFileReference; lastKnownFileType = sourcecode.swift; path = CountDownViewModel.swift; sourceTree = "<group>"; };
		40EC679E2B3EFA9A00B5ED7C /* CountDownDetailsView.swift */ = {isa = PBXFileReference; lastKnownFileType = sourcecode.swift; path = CountDownDetailsView.swift; sourceTree = "<group>"; };
		40EC67A02B3EFAAB00B5ED7C /* CountDownDetailsViewModel.swift */ = {isa = PBXFileReference; lastKnownFileType = sourcecode.swift; path = CountDownDetailsViewModel.swift; sourceTree = "<group>"; };
		40EC67A22B3F2B8B00B5ED7C /* CountDownTickerView.swift */ = {isa = PBXFileReference; lastKnownFileType = sourcecode.swift; path = CountDownTickerView.swift; sourceTree = "<group>"; };
		40EC67A42B40974500B5ED7C /* Extensions.swift */ = {isa = PBXFileReference; lastKnownFileType = sourcecode.swift; path = Extensions.swift; sourceTree = "<group>"; };
/* End PBXFileReference section */

/* Begin PBXFrameworksBuildPhase section */
		40EC67702B37567500B5ED7C /* Frameworks */ = {
			isa = PBXFrameworksBuildPhase;
			buildActionMask = 2147483647;
			files = (
				40EC67992B3DE14300B5ED7C /* RealmSwift in Frameworks */,
				40EC67972B3DE14300B5ED7C /* Realm in Frameworks */,
			);
			runOnlyForDeploymentPostprocessing = 0;
		};
/* End PBXFrameworksBuildPhase section */

/* Begin PBXGroup section */
		40EC676A2B37567500B5ED7C = {
			isa = PBXGroup;
			children = (
				401A9CE22B59A68C0034D61F /* README.md */,
				40EC67752B37567500B5ED7C /* Count Down */,
				40EC67742B37567500B5ED7C /* Products */,
			);
			sourceTree = "<group>";
		};
		40EC67742B37567500B5ED7C /* Products */ = {
			isa = PBXGroup;
			children = (
				40EC67732B37567500B5ED7C /* Count Down.app */,
			);
			name = Products;
			sourceTree = "<group>";
		};
		40EC67752B37567500B5ED7C /* Count Down */ = {
			isa = PBXGroup;
			children = (
				40EC67852B375B6500B5ED7C /* Models */,
				40EC67842B375B5E00B5ED7C /* Views */,
				40EC67762B37567500B5ED7C /* CountDownApp.swift */,
				40EC677A2B37567700B5ED7C /* Assets.xcassets */,
				40EC677C2B37567700B5ED7C /* Preview Content */,
			);
			path = "Count Down";
			sourceTree = "<group>";
		};
		40EC677C2B37567700B5ED7C /* Preview Content */ = {
			isa = PBXGroup;
			children = (
				40EC677D2B37567700B5ED7C /* Preview Assets.xcassets */,
			);
			path = "Preview Content";
			sourceTree = "<group>";
		};
		40EC67842B375B5E00B5ED7C /* Views */ = {
			isa = PBXGroup;
			children = (
				40EC679D2B3EFA7200B5ED7C /* CounDownDetailsView */,
				40EC679A2B3E0C2B00B5ED7C /* CountDownView */,
				40EC678E2B386FC900B5ED7C /* AddCountDownView */,
				40EC678A2B375DA500B5ED7C /* EmptyCountDownView.swift */,
			);
			path = Views;
			sourceTree = "<group>";
		};
		40EC67852B375B6500B5ED7C /* Models */ = {
			isa = PBXGroup;
			children = (
				40EC67862B375C9A00B5ED7C /* Constants.swift */,
				40EC67912B38A4CA00B5ED7C /* StateBindingViewModel.swift */,
				40EC67932B38CD1000B5ED7C /* CountDown.swift */,
				40EC67A42B40974500B5ED7C /* Extensions.swift */,
				401A9CE62B5B0BE60034D61F /* CountDownAlert.swift */,
				401A9CE82B5B21B50034D61F /* LocalNotificationService.swift */,
			);
			path = Models;
			sourceTree = "<group>";
		};
		40EC678E2B386FC900B5ED7C /* AddCountDownView */ = {
			isa = PBXGroup;
			children = (
				40EC678C2B37608900B5ED7C /* AddCountDownView.swift */,
				401A9CE42B5AFB3E0034D61F /* NotifyMenu.swift */,
				40EC678F2B38700000B5ED7C /* AddCountDownViewModel.swift */,
			);
			path = AddCountDownView;
			sourceTree = "<group>";
		};
		40EC679A2B3E0C2B00B5ED7C /* CountDownView */ = {
			isa = PBXGroup;
			children = (
				40EC67782B37567500B5ED7C /* CountDownView.swift */,
				40EC679B2B3E0C4400B5ED7C /* CountDownViewModel.swift */,
				401A9CE02B599AC50034D61F /* CountDownListItemView.swift */,
			);
			path = CountDownView;
			sourceTree = "<group>";
		};
		40EC679D2B3EFA7200B5ED7C /* CounDownDetailsView */ = {
			isa = PBXGroup;
			children = (
				40EC679E2B3EFA9A00B5ED7C /* CountDownDetailsView.swift */,
				40EC67A02B3EFAAB00B5ED7C /* CountDownDetailsViewModel.swift */,
				40EC67A22B3F2B8B00B5ED7C /* CountDownTickerView.swift */,
			);
			path = CounDownDetailsView;
			sourceTree = "<group>";
		};
/* End PBXGroup section */

/* Begin PBXNativeTarget section */
		40EC67722B37567500B5ED7C /* Count Down */ = {
			isa = PBXNativeTarget;
			buildConfigurationList = 40EC67812B37567700B5ED7C /* Build configuration list for PBXNativeTarget "Count Down" */;
			buildPhases = (
				40EC676F2B37567500B5ED7C /* Sources */,
				40EC67702B37567500B5ED7C /* Frameworks */,
				40EC67712B37567500B5ED7C /* Resources */,
			);
			buildRules = (
			);
			dependencies = (
			);
			name = "Count Down";
			packageProductDependencies = (
				40EC67962B3DE14300B5ED7C /* Realm */,
				40EC67982B3DE14300B5ED7C /* RealmSwift */,
			);
			productName = "Count Down";
			productReference = 40EC67732B37567500B5ED7C /* Count Down.app */;
			productType = "com.apple.product-type.application";
		};
/* End PBXNativeTarget section */

/* Begin PBXProject section */
		40EC676B2B37567500B5ED7C /* Project object */ = {
			isa = PBXProject;
			attributes = {
				BuildIndependentTargetsInParallel = 1;
				LastSwiftUpdateCheck = 1510;
				LastUpgradeCheck = 1510;
				TargetAttributes = {
					40EC67722B37567500B5ED7C = {
						CreatedOnToolsVersion = 15.1;
					};
				};
			};
			buildConfigurationList = 40EC676E2B37567500B5ED7C /* Build configuration list for PBXProject "Count Down" */;
			compatibilityVersion = "Xcode 14.0";
			developmentRegion = en;
			hasScannedForEncodings = 0;
			knownRegions = (
				en,
				Base,
			);
			mainGroup = 40EC676A2B37567500B5ED7C;
			packageReferences = (
				40EC67952B3DE14300B5ED7C /* XCRemoteSwiftPackageReference "realm-swift" */,
			);
			productRefGroup = 40EC67742B37567500B5ED7C /* Products */;
			projectDirPath = "";
			projectRoot = "";
			targets = (
				40EC67722B37567500B5ED7C /* Count Down */,
			);
		};
/* End PBXProject section */

/* Begin PBXResourcesBuildPhase section */
		40EC67712B37567500B5ED7C /* Resources */ = {
			isa = PBXResourcesBuildPhase;
			buildActionMask = 2147483647;
			files = (
				401A9CE32B59A68C0034D61F /* README.md in Resources */,
				40EC677E2B37567700B5ED7C /* Preview Assets.xcassets in Resources */,
				40EC677B2B37567700B5ED7C /* Assets.xcassets in Resources */,
			);
			runOnlyForDeploymentPostprocessing = 0;
		};
/* End PBXResourcesBuildPhase section */

/* Begin PBXSourcesBuildPhase section */
		40EC676F2B37567500B5ED7C /* Sources */ = {
			isa = PBXSourcesBuildPhase;
			buildActionMask = 2147483647;
			files = (
				40EC67A12B3EFAAB00B5ED7C /* CountDownDetailsViewModel.swift in Sources */,
				40EC67922B38A4CA00B5ED7C /* StateBindingViewModel.swift in Sources */,
				40EC67A32B3F2B8C00B5ED7C /* CountDownTickerView.swift in Sources */,
				40EC678D2B37608900B5ED7C /* AddCountDownView.swift in Sources */,
				40EC679C2B3E0C4400B5ED7C /* CountDownViewModel.swift in Sources */,
				401A9CE92B5B21B50034D61F /* LocalNotificationService.swift in Sources */,
				401A9CE12B599AC50034D61F /* CountDownListItemView.swift in Sources */,
				40EC67792B37567500B5ED7C /* CountDownView.swift in Sources */,
				40EC67942B38CD1000B5ED7C /* CountDown.swift in Sources */,
				401A9CE72B5B0BE60034D61F /* CountDownAlert.swift in Sources */,
				401A9CE52B5AFB3E0034D61F /* NotifyMenu.swift in Sources */,
				40EC679F2B3EFA9A00B5ED7C /* CountDownDetailsView.swift in Sources */,
				40EC67A52B40974600B5ED7C /* Extensions.swift in Sources */,
				40EC67902B38700000B5ED7C /* AddCountDownViewModel.swift in Sources */,
				40EC67772B37567500B5ED7C /* CountDownApp.swift in Sources */,
				40EC678B2B375DA500B5ED7C /* EmptyCountDownView.swift in Sources */,
				40EC67872B375C9A00B5ED7C /* Constants.swift in Sources */,
			);
			runOnlyForDeploymentPostprocessing = 0;
		};
/* End PBXSourcesBuildPhase section */

/* Begin XCBuildConfiguration section */
		40EC677F2B37567700B5ED7C /* Debug */ = {
			isa = XCBuildConfiguration;
			buildSettings = {
				ALWAYS_SEARCH_USER_PATHS = NO;
				ASSETCATALOG_COMPILER_GENERATE_SWIFT_ASSET_SYMBOL_EXTENSIONS = YES;
				CLANG_ANALYZER_NONNULL = YES;
				CLANG_ANALYZER_NUMBER_OBJECT_CONVERSION = YES_AGGRESSIVE;
				CLANG_CXX_LANGUAGE_STANDARD = "gnu++20";
				CLANG_ENABLE_MODULES = YES;
				CLANG_ENABLE_OBJC_ARC = YES;
				CLANG_ENABLE_OBJC_WEAK = YES;
				CLANG_WARN_BLOCK_CAPTURE_AUTORELEASING = YES;
				CLANG_WARN_BOOL_CONVERSION = YES;
				CLANG_WARN_COMMA = YES;
				CLANG_WARN_CONSTANT_CONVERSION = YES;
				CLANG_WARN_DEPRECATED_OBJC_IMPLEMENTATIONS = YES;
				CLANG_WARN_DIRECT_OBJC_ISA_USAGE = YES_ERROR;
				CLANG_WARN_DOCUMENTATION_COMMENTS = YES;
				CLANG_WARN_EMPTY_BODY = YES;
				CLANG_WARN_ENUM_CONVERSION = YES;
				CLANG_WARN_INFINITE_RECURSION = YES;
				CLANG_WARN_INT_CONVERSION = YES;
				CLANG_WARN_NON_LITERAL_NULL_CONVERSION = YES;
				CLANG_WARN_OBJC_IMPLICIT_RETAIN_SELF = YES;
				CLANG_WARN_OBJC_LITERAL_CONVERSION = YES;
				CLANG_WARN_OBJC_ROOT_CLASS = YES_ERROR;
				CLANG_WARN_QUOTED_INCLUDE_IN_FRAMEWORK_HEADER = YES;
				CLANG_WARN_RANGE_LOOP_ANALYSIS = YES;
				CLANG_WARN_STRICT_PROTOTYPES = YES;
				CLANG_WARN_SUSPICIOUS_MOVE = YES;
				CLANG_WARN_UNGUARDED_AVAILABILITY = YES_AGGRESSIVE;
				CLANG_WARN_UNREACHABLE_CODE = YES;
				CLANG_WARN__DUPLICATE_METHOD_MATCH = YES;
				COPY_PHASE_STRIP = NO;
				DEBUG_INFORMATION_FORMAT = dwarf;
				ENABLE_STRICT_OBJC_MSGSEND = YES;
				ENABLE_TESTABILITY = YES;
				ENABLE_USER_SCRIPT_SANDBOXING = YES;
				GCC_C_LANGUAGE_STANDARD = gnu17;
				GCC_DYNAMIC_NO_PIC = NO;
				GCC_NO_COMMON_BLOCKS = YES;
				GCC_OPTIMIZATION_LEVEL = 0;
				GCC_PREPROCESSOR_DEFINITIONS = (
					"DEBUG=1",
					"$(inherited)",
				);
				GCC_WARN_64_TO_32_BIT_CONVERSION = YES;
				GCC_WARN_ABOUT_RETURN_TYPE = YES_ERROR;
				GCC_WARN_UNDECLARED_SELECTOR = YES;
				GCC_WARN_UNINITIALIZED_AUTOS = YES_AGGRESSIVE;
				GCC_WARN_UNUSED_FUNCTION = YES;
				GCC_WARN_UNUSED_VARIABLE = YES;
				IPHONEOS_DEPLOYMENT_TARGET = 17.2;
				LOCALIZATION_PREFERS_STRING_CATALOGS = YES;
				MTL_ENABLE_DEBUG_INFO = INCLUDE_SOURCE;
				MTL_FAST_MATH = YES;
				ONLY_ACTIVE_ARCH = YES;
				SDKROOT = iphoneos;
				SWIFT_ACTIVE_COMPILATION_CONDITIONS = "DEBUG $(inherited)";
				SWIFT_OPTIMIZATION_LEVEL = "-Onone";
			};
			name = Debug;
		};
		40EC67802B37567700B5ED7C /* Release */ = {
			isa = XCBuildConfiguration;
			buildSettings = {
				ALWAYS_SEARCH_USER_PATHS = NO;
				ASSETCATALOG_COMPILER_GENERATE_SWIFT_ASSET_SYMBOL_EXTENSIONS = YES;
				CLANG_ANALYZER_NONNULL = YES;
				CLANG_ANALYZER_NUMBER_OBJECT_CONVERSION = YES_AGGRESSIVE;
				CLANG_CXX_LANGUAGE_STANDARD = "gnu++20";
				CLANG_ENABLE_MODULES = YES;
				CLANG_ENABLE_OBJC_ARC = YES;
				CLANG_ENABLE_OBJC_WEAK = YES;
				CLANG_WARN_BLOCK_CAPTURE_AUTORELEASING = YES;
				CLANG_WARN_BOOL_CONVERSION = YES;
				CLANG_WARN_COMMA = YES;
				CLANG_WARN_CONSTANT_CONVERSION = YES;
				CLANG_WARN_DEPRECATED_OBJC_IMPLEMENTATIONS = YES;
				CLANG_WARN_DIRECT_OBJC_ISA_USAGE = YES_ERROR;
				CLANG_WARN_DOCUMENTATION_COMMENTS = YES;
				CLANG_WARN_EMPTY_BODY = YES;
				CLANG_WARN_ENUM_CONVERSION = YES;
				CLANG_WARN_INFINITE_RECURSION = YES;
				CLANG_WARN_INT_CONVERSION = YES;
				CLANG_WARN_NON_LITERAL_NULL_CONVERSION = YES;
				CLANG_WARN_OBJC_IMPLICIT_RETAIN_SELF = YES;
				CLANG_WARN_OBJC_LITERAL_CONVERSION = YES;
				CLANG_WARN_OBJC_ROOT_CLASS = YES_ERROR;
				CLANG_WARN_QUOTED_INCLUDE_IN_FRAMEWORK_HEADER = YES;
				CLANG_WARN_RANGE_LOOP_ANALYSIS = YES;
				CLANG_WARN_STRICT_PROTOTYPES = YES;
				CLANG_WARN_SUSPICIOUS_MOVE = YES;
				CLANG_WARN_UNGUARDED_AVAILABILITY = YES_AGGRESSIVE;
				CLANG_WARN_UNREACHABLE_CODE = YES;
				CLANG_WARN__DUPLICATE_METHOD_MATCH = YES;
				COPY_PHASE_STRIP = NO;
				DEBUG_INFORMATION_FORMAT = "dwarf-with-dsym";
				ENABLE_NS_ASSERTIONS = NO;
				ENABLE_STRICT_OBJC_MSGSEND = YES;
				ENABLE_USER_SCRIPT_SANDBOXING = YES;
				GCC_C_LANGUAGE_STANDARD = gnu17;
				GCC_NO_COMMON_BLOCKS = YES;
				GCC_WARN_64_TO_32_BIT_CONVERSION = YES;
				GCC_WARN_ABOUT_RETURN_TYPE = YES_ERROR;
				GCC_WARN_UNDECLARED_SELECTOR = YES;
				GCC_WARN_UNINITIALIZED_AUTOS = YES_AGGRESSIVE;
				GCC_WARN_UNUSED_FUNCTION = YES;
				GCC_WARN_UNUSED_VARIABLE = YES;
				IPHONEOS_DEPLOYMENT_TARGET = 17.2;
				LOCALIZATION_PREFERS_STRING_CATALOGS = YES;
				MTL_ENABLE_DEBUG_INFO = NO;
				MTL_FAST_MATH = YES;
				SDKROOT = iphoneos;
				SWIFT_COMPILATION_MODE = wholemodule;
				VALIDATE_PRODUCT = YES;
			};
			name = Release;
		};
		40EC67822B37567700B5ED7C /* Debug */ = {
			isa = XCBuildConfiguration;
			buildSettings = {
				ASSETCATALOG_COMPILER_APPICON_NAME = AppIcon;
				ASSETCATALOG_COMPILER_GLOBAL_ACCENT_COLOR_NAME = AccentColor;
				CODE_SIGN_STYLE = Automatic;
				CURRENT_PROJECT_VERSION = 1;
				DEVELOPMENT_ASSET_PATHS = "\"Count Down/Preview Content\"";
				DEVELOPMENT_TEAM = 8KN9R478WF;
				ENABLE_PREVIEWS = YES;
				GENERATE_INFOPLIST_FILE = YES;
				INFOPLIST_KEY_UIApplicationSceneManifest_Generation = YES;
				INFOPLIST_KEY_UIApplicationSupportsIndirectInputEvents = YES;
				INFOPLIST_KEY_UILaunchScreen_Generation = YES;
				INFOPLIST_KEY_UISupportedInterfaceOrientations_iPad = "UIInterfaceOrientationPortrait UIInterfaceOrientationPortraitUpsideDown UIInterfaceOrientationLandscapeLeft UIInterfaceOrientationLandscapeRight";
				INFOPLIST_KEY_UISupportedInterfaceOrientations_iPhone = "UIInterfaceOrientationPortrait UIInterfaceOrientationLandscapeLeft UIInterfaceOrientationLandscapeRight";
				LD_RUNPATH_SEARCH_PATHS = (
					"$(inherited)",
					"@executable_path/Frameworks",
				);
				MARKETING_VERSION = 1.0;
				PRODUCT_BUNDLE_IDENTIFIER = "com.mlnchnko.Count-Down";
				PRODUCT_NAME = "$(TARGET_NAME)";
				SWIFT_EMIT_LOC_STRINGS = YES;
				SWIFT_VERSION = 5.0;
				TARGETED_DEVICE_FAMILY = "1,2";
			};
			name = Debug;
		};
		40EC67832B37567700B5ED7C /* Release */ = {
			isa = XCBuildConfiguration;
			buildSettings = {
				ASSETCATALOG_COMPILER_APPICON_NAME = AppIcon;
				ASSETCATALOG_COMPILER_GLOBAL_ACCENT_COLOR_NAME = AccentColor;
				CODE_SIGN_STYLE = Automatic;
				CURRENT_PROJECT_VERSION = 1;
				DEVELOPMENT_ASSET_PATHS = "\"Count Down/Preview Content\"";
				DEVELOPMENT_TEAM = 8KN9R478WF;
				ENABLE_PREVIEWS = YES;
				GENERATE_INFOPLIST_FILE = YES;
				INFOPLIST_KEY_UIApplicationSceneManifest_Generation = YES;
				INFOPLIST_KEY_UIApplicationSupportsIndirectInputEvents = YES;
				INFOPLIST_KEY_UILaunchScreen_Generation = YES;
				INFOPLIST_KEY_UISupportedInterfaceOrientations_iPad = "UIInterfaceOrientationPortrait UIInterfaceOrientationPortraitUpsideDown UIInterfaceOrientationLandscapeLeft UIInterfaceOrientationLandscapeRight";
				INFOPLIST_KEY_UISupportedInterfaceOrientations_iPhone = "UIInterfaceOrientationPortrait UIInterfaceOrientationLandscapeLeft UIInterfaceOrientationLandscapeRight";
				LD_RUNPATH_SEARCH_PATHS = (
					"$(inherited)",
					"@executable_path/Frameworks",
				);
				MARKETING_VERSION = 1.0;
				PRODUCT_BUNDLE_IDENTIFIER = "com.mlnchnko.Count-Down";
				PRODUCT_NAME = "$(TARGET_NAME)";
				SWIFT_EMIT_LOC_STRINGS = YES;
				SWIFT_VERSION = 5.0;
				TARGETED_DEVICE_FAMILY = "1,2";
			};
			name = Release;
		};
/* End XCBuildConfiguration section */

/* Begin XCConfigurationList section */
		40EC676E2B37567500B5ED7C /* Build configuration list for PBXProject "Count Down" */ = {
			isa = XCConfigurationList;
			buildConfigurations = (
				40EC677F2B37567700B5ED7C /* Debug */,
				40EC67802B37567700B5ED7C /* Release */,
			);
			defaultConfigurationIsVisible = 0;
			defaultConfigurationName = Release;
		};
		40EC67812B37567700B5ED7C /* Build configuration list for PBXNativeTarget "Count Down" */ = {
			isa = XCConfigurationList;
			buildConfigurations = (
				40EC67822B37567700B5ED7C /* Debug */,
				40EC67832B37567700B5ED7C /* Release */,
			);
			defaultConfigurationIsVisible = 0;
			defaultConfigurationName = Release;
		};
/* End XCConfigurationList section */

/* Begin XCRemoteSwiftPackageReference section */
		40EC67952B3DE14300B5ED7C /* XCRemoteSwiftPackageReference "realm-swift" */ = {
			isa = XCRemoteSwiftPackageReference;
			repositoryURL = "https://github.com/realm/realm-swift.git";
			requirement = {
				branch = master;
				kind = branch;
			};
		};
/* End XCRemoteSwiftPackageReference section */

/* Begin XCSwiftPackageProductDependency section */
		40EC67962B3DE14300B5ED7C /* Realm */ = {
			isa = XCSwiftPackageProductDependency;
			package = 40EC67952B3DE14300B5ED7C /* XCRemoteSwiftPackageReference "realm-swift" */;
			productName = Realm;
		};
		40EC67982B3DE14300B5ED7C /* RealmSwift */ = {
			isa = XCSwiftPackageProductDependency;
			package = 40EC67952B3DE14300B5ED7C /* XCRemoteSwiftPackageReference "realm-swift" */;
			productName = RealmSwift;
		};
/* End XCSwiftPackageProductDependency section */
	};
	rootObject = 40EC676B2B37567500B5ED7C /* Project object */;
}
